
Microsoft Visual Studio Solution File, Format Version 11.00
# Visual Studio 2010
Project("{FAE04EC0-301F-11D3-BF4B-00C04F79EFBC}") = "Framework3D", "Framework3D\Framework3D.csproj", "{19548B4F-7A0F-4090-B996-7EC18DE501C7}"
EndProject
Global
	GlobalSection(SolutionConfigurationPlatforms) = preSolution
		Debug|x86 = Debug|x86
		Release|x86 = Release|x86
	EndGlobalSection
	GlobalSection(ProjectConfigurationPlatforms) = postSolution
		{19548B4F-7A0F-4090-B996-7EC18DE501C7}.Debug|x86.ActiveCfg = Debug|x86
		{19548B4F-7A0F-4090-B996-7EC18DE501C7}.Debug|x86.Build.0 = Debug|x86
		{19548B4F-7A0F-4090-B996-7EC18DE501C7}.Release|x86.ActiveCfg = Release|x86
		{19548B4F-7A0F-4090-B996-7EC18DE501C7}.Release|x86.Build.0 = Release|x86
	EndGlobalSection
	GlobalSection(MonoDevelopProperties) = preSolution
		StartupItem = Framework3D\Framework3D.csproj
	EndGlobalSection
EndGlobal
