
Microsoft Visual Studio Solution File, Format Version 12.00
# Visual Studio 2012
Project("{FAE04EC0-301F-11D3-BF4B-00C04F79EFBC}") = "mjm", "mjm\mjm.csproj", "{A3F7CDA0-096E-4DC8-9B6F-BC89E202F96E}"
EndProject
Global
	GlobalSection(SolutionConfigurationPlatforms) = preSolution
		Debug|Any CPU = Debug|Any CPU
		Release|Any CPU = Release|Any CPU
	EndGlobalSection
	GlobalSection(ProjectConfigurationPlatforms) = postSolution
		{A3F7CDA0-096E-4DC8-9B6F-BC89E202F96E}.Debug|Any CPU.ActiveCfg = Debug|Any CPU
		{A3F7CDA0-096E-4DC8-9B6F-BC89E202F96E}.Debug|Any CPU.Build.0 = Debug|Any CPU
		{A3F7CDA0-096E-4DC8-9B6F-BC89E202F96E}.Release|Any CPU.ActiveCfg = Release|Any CPU
		{A3F7CDA0-096E-4DC8-9B6F-BC89E202F96E}.Release|Any CPU.Build.0 = Release|Any CPU
	EndGlobalSection
EndGlobal
